<?xml version="1.0" encoding="utf-8"?>
<Project ToolsVersion="4.0" xmlns="http://schemas.microsoft.com/developer/msbuild/2003">
  <ItemGroup>
    <Filter Include="Source Files">
      <UniqueIdentifier>{4FC737F1-C7A5-4376-A066-2A32D752A2FF}</UniqueIdentifier>
      <Extensions>cpp;c;cc;cxx;c++;cppm;ixx;def;odl;idl;hpj;bat;asm;asmx</Extensions>
    </Filter>
    <Filter Include="Header Files">
      <UniqueIdentifier>{93995380-89BD-4b04-88EB-625FBE52EBFB}</UniqueIdentifier>
      <Extensions>h;hh;hpp;hxx;h++;hm;inl;inc;ipp;xsd</Extensions>
    </Filter>
    <Filter Include="Resource Files">
      <UniqueIdentifier>{67DA6AB6-F800-4c08-8B7A-83BB121AAD01}</UniqueIdentifier>
      <Extensions>rc;ico;cur;bmp;dlg;rc2;rct;bin;rgs;gif;jpg;jpeg;jpe;resx;tiff;tif;png;wav;mfcribbon-ms</Extensions>
    </Filter>
    <Filter Include="Commands">
      <UniqueIdentifier>{12c7fa29-dbdd-4c59-b07f-5ea760868cc7}</UniqueIdentifier>
    </Filter>
    <Filter Include="Components">
      <UniqueIdentifier>{66e28c2a-f6a2-458f-b194-ece0b8bda536}</UniqueIdentifier>
    </Filter>
    <Filter Include="Events">
      <UniqueIdentifier>{ef55fe01-8d73-4bc8-a2ae-e4e1a531fb92}</UniqueIdentifier>
    </Filter>
    <Filter Include="Scenes">
      <UniqueIdentifier>{45cdaf6a-ee7c-4e95-90d7-263c6571e80d}</UniqueIdentifier>
    </Filter>
    <Filter Include="Presets">
      <UniqueIdentifier>{f19769e1-53cb-458b-9500-a7145602762a}</UniqueIdentifier>
    </Filter>
    <Filter Include="Components\PlayerComponents">
      <UniqueIdentifier>{51345229-26fd-41f5-9f0f-a3d312c1764e}</UniqueIdentifier>
    </Filter>
    <Filter Include="Components\EnemyComponents">
      <UniqueIdentifier>{bc49c9c2-e397-4d5f-bfb5-6dd48147c28c}</UniqueIdentifier>
    </Filter>
    <Filter Include="Events\PlayerEvents">
      <UniqueIdentifier>{89965280-d980-48a7-8afe-923329af1d2f}</UniqueIdentifier>
    </Filter>
    <Filter Include="BezierPath">
      <UniqueIdentifier>{4e37a39c-1a76-4c86-9472-08058c62854f}</UniqueIdentifier>
    </Filter>
    <Filter Include="Components\EnemyComponents\States">
      <UniqueIdentifier>{a61ad557-7f98-42f7-be57-4fbea200a743}</UniqueIdentifier>
    </Filter>
    <Filter Include="Components\EnemyComponents\EnemyTypes">
      <UniqueIdentifier>{2bf157bf-f043-441a-afc8-e040f14e2096}</UniqueIdentifier>
    </Filter>
    <Filter Include="Components\EnemyComponents\EnemyHandelers">
      <UniqueIdentifier>{4fbd53b7-38ba-4a47-8ff8-19f297e33a25}</UniqueIdentifier>
    </Filter>
    <Filter Include="Components\UiComponents">
      <UniqueIdentifier>{73e9c4b8-1229-4522-aa46-0e625d065239}</UniqueIdentifier>
    </Filter>
    <Filter Include="Data">
      <UniqueIdentifier>{b3a77e2f-c9a9-4032-818d-2706d754533f}</UniqueIdentifier>
    </Filter>
  </ItemGroup>
  <ItemGroup>
    <ClCompile Include="Galaga.cpp">
      <Filter>Source Files</Filter>
    </ClCompile>
    <ClCompile Include="MoveCommands.cpp">
      <Filter>Commands</Filter>
    </ClCompile>
    <ClCompile Include="TempComands.cpp">
      <Filter>Commands</Filter>
    </ClCompile>
    <ClCompile Include="ShootCommand.cpp">
      <Filter>Commands</Filter>
    </ClCompile>
    <ClCompile Include="GaligaScene.cpp">
      <Filter>Scenes</Filter>
    </ClCompile>
    <ClCompile Include="ObjectPreset.cpp">
      <Filter>Presets</Filter>
    </ClCompile>
    <ClCompile Include="BulletComponent.cpp">
      <Filter>Components\PlayerComponents</Filter>
    </ClCompile>
    <ClCompile Include="ScoreComponent.cpp">
      <Filter>Components\PlayerComponents</Filter>
    </ClCompile>
    <ClCompile Include="EnemyComponent.cpp">
      <Filter>Components\EnemyComponents</Filter>
    </ClCompile>
    <ClCompile Include="LivesDisplayObserver.cpp">
      <Filter>Events\PlayerEvents</Filter>
    </ClCompile>
    <ClCompile Include="ScoreTextObserver.cpp">
      <Filter>Events\PlayerEvents</Filter>
    </ClCompile>
    <ClCompile Include="HealthComponent.cpp">
      <Filter>Components</Filter>
    </ClCompile>
    <ClCompile Include="StarComponent.cpp">
      <Filter>Components</Filter>
    </ClCompile>
    <ClCompile Include="EnemyStates.cpp">
      <Filter>Components\EnemyComponents\States</Filter>
    </ClCompile>
    <ClCompile Include="BezierPath.cpp">
      <Filter>BezierPath</Filter>
    </ClCompile>
    <ClCompile Include="BeeEnemyComponent.cpp">
      <Filter>Components\EnemyComponents\EnemyTypes</Filter>
    </ClCompile>
    <ClCompile Include="ButterfliesEnemyComponent.cpp">
      <Filter>Components\EnemyComponents\EnemyTypes</Filter>
    </ClCompile>
    <ClCompile Include="BossEnemyComponent.cpp">
      <Filter>Components\EnemyComponents\EnemyTypes</Filter>
    </ClCompile>
    <ClCompile Include="CaptureBeamComponent.cpp">
      <Filter>Components\EnemyComponents</Filter>
    </ClCompile>
    <ClCompile Include="PlayerComponent.cpp">
      <Filter>Components\PlayerComponents</Filter>
    </ClCompile>
    <ClCompile Include="EnemyAttackControllerComponent.cpp">
      <Filter>Components\EnemyComponents\EnemyHandelers</Filter>
    </ClCompile>
    <ClCompile Include="FormationComponent.cpp">
      <Filter>Components\EnemyComponents\EnemyHandelers</Filter>
    </ClCompile>
    <ClCompile Include="EnemySpawnerComponent.cpp">
      <Filter>Components\EnemyComponents\EnemyHandelers</Filter>
    </ClCompile>
    <ClCompile Include="PlayerHealthDisplayComponent.cpp">
      <Filter>Components\PlayerComponents</Filter>
    </ClCompile>
    <ClCompile Include="StartMenuScene.cpp">
      <Filter>Scenes</Filter>
    </ClCompile>
    <ClCompile Include="UiArrowComponent.cpp">
      <Filter>Components\UiComponents</Filter>
    </ClCompile>
    <ClCompile Include="UiCommands.cpp">
      <Filter>Commands</Filter>
    </ClCompile>
    <ClCompile Include="GameData.cpp">
      <Filter>Data</Filter>
    </ClCompile>
    <ClCompile Include="GameEntityData.cpp">
      <Filter>Data</Filter>
    </ClCompile>
    <ClCompile Include="ShotDataScene.cpp">
      <Filter>Scenes</Filter>
    </ClCompile>
    <ClCompile Include="BulletPool.cpp">
      <Filter>Components\PlayerComponents</Filter>
    </ClCompile>
    <ClCompile Include="HighScoreScene.cpp">
      <Filter>Scenes</Filter>
    </ClCompile>
    <ClCompile Include="SwitchSceneOnTimeComponent.cpp">
      <Filter>Components\UiComponents</Filter>
    </ClCompile>
    <ClCompile Include="InitialsComponent.cpp">
      <Filter>Components\UiComponents</Filter>
    </ClCompile>
    <ClCompile Include="HighScoreEntryComponent.cpp">
      <Filter>Components\UiComponents</Filter>
    </ClCompile>
    <ClCompile Include="LeaderBoardComponent.cpp">
      <Filter>Components\UiComponents</Filter>
    </ClCompile>
    <ClCompile Include="LeaderBoardObserver.cpp">
      <Filter>Events</Filter>
    </ClCompile>
  </ItemGroup>
  <ItemGroup>
    <ClInclude Include="TempComands.h">
      <Filter>Commands</Filter>
    </ClInclude>
    <ClInclude Include="MoveCommands.h">
      <Filter>Commands</Filter>
    </ClInclude>
    <ClInclude Include="ShootCommand.h">
      <Filter>Commands</Filter>
    </ClInclude>
    <ClInclude Include="BaseSceneCreator.h">
      <Filter>Scenes</Filter>
    </ClInclude>
    <ClInclude Include="GaligaScene.h">
      <Filter>Scenes</Filter>
    </ClInclude>
    <ClInclude Include="ObjectPreset.h">
      <Filter>Presets</Filter>
    </ClInclude>
    <ClInclude Include="PoolComponent.h">
      <Filter>Components</Filter>
    </ClInclude>
    <ClInclude Include="BulletComponent.h">
      <Filter>Components\PlayerComponents</Filter>
    </ClInclude>
    <ClInclude Include="ScoreComponent.h">
      <Filter>Components\PlayerComponents</Filter>
    </ClInclude>
    <ClInclude Include="EnemyComponent.h">
      <Filter>Components\EnemyComponents</Filter>
    </ClInclude>
    <ClInclude Include="LivesDisplayObserver.h">
      <Filter>Events\PlayerEvents</Filter>
    </ClInclude>
    <ClInclude Include="ScoreTextObserver.h">
      <Filter>Events\PlayerEvents</Filter>
    </ClInclude>
    <ClInclude Include="HealthComponent.h">
      <Filter>Components</Filter>
    </ClInclude>
    <ClInclude Include="StarComponent.h">
      <Filter>Components</Filter>
    </ClInclude>
    <ClInclude Include="EnemyStates.h">
      <Filter>Components\EnemyComponents\States</Filter>
    </ClInclude>
    <ClInclude Include="BezierPath.h">
      <Filter>BezierPath</Filter>
    </ClInclude>
    <ClInclude Include="BeeEnemyComponent.h">
      <Filter>Components\EnemyComponents\EnemyTypes</Filter>
    </ClInclude>
    <ClInclude Include="ButterfliesEnemyComponent.h">
      <Filter>Components\EnemyComponents\EnemyTypes</Filter>
    </ClInclude>
    <ClInclude Include="BossEnemyComponent.h">
      <Filter>Components\EnemyComponents\EnemyTypes</Filter>
    </ClInclude>
    <ClInclude Include="CaptureBeamComponent.h">
      <Filter>Components\EnemyComponents</Filter>
    </ClInclude>
    <ClInclude Include="PlayerComponent.h">
      <Filter>Components\PlayerComponents</Filter>
    </ClInclude>
    <ClInclude Include="EnemyAttackControllerComponent.h">
      <Filter>Components\EnemyComponents\EnemyHandelers</Filter>
    </ClInclude>
    <ClInclude Include="FormationComponent.h">
      <Filter>Components\EnemyComponents\EnemyHandelers</Filter>
    </ClInclude>
    <ClInclude Include="EnemySpawnerComponent.h">
      <Filter>Components\EnemyComponents\EnemyHandelers</Filter>
    </ClInclude>
    <ClInclude Include="PlayerHealthDisplayComponent.h">
      <Filter>Components\PlayerComponents</Filter>
    </ClInclude>
    <ClInclude Include="StartMenuScene.h">
      <Filter>Scenes</Filter>
    </ClInclude>
    <ClInclude Include="UiArrowComponent.h">
      <Filter>Components\UiComponents</Filter>
    </ClInclude>
    <ClInclude Include="UiCommands.h">
      <Filter>Commands</Filter>
    </ClInclude>
    <ClInclude Include="GameData.h">
      <Filter>Data</Filter>
    </ClInclude>
    <ClInclude Include="GameEntityData.h">
      <Filter>Data</Filter>
    </ClInclude>
    <ClInclude Include="ShotDataScene.h">
      <Filter>Scenes</Filter>
    </ClInclude>
    <ClInclude Include="BulletPool.h">
      <Filter>Components\PlayerComponents</Filter>
    </ClInclude>
    <ClInclude Include="HighScoreScene.h">
      <Filter>Scenes</Filter>
    </ClInclude>
    <ClInclude Include="SwitchSceneOnTimeComponent.h">
      <Filter>Components\UiComponents</Filter>
    </ClInclude>
    <ClInclude Include="InitialsComponent.h">
      <Filter>Components\UiComponents</Filter>
    </ClInclude>
    <ClInclude Include="HighScoreEntryComponent.h">
      <Filter>Components\UiComponents</Filter>
    </ClInclude>
    <ClInclude Include="LeaderBoardComponent.h">
      <Filter>Components\UiComponents</Filter>
    </ClInclude>
    <ClInclude Include="LeaderBoardObserver.h">
      <Filter>Events</Filter>
    </ClInclude>
  </ItemGroup>
</Project>