<?xml version="1.0" encoding="utf-8"?>
<Project ToolsVersion="4.0" xmlns="http://schemas.microsoft.com/developer/msbuild/2003">
  <ItemGroup>
    <Filter Include="Source Files">
      <UniqueIdentifier>{4FC737F1-C7A5-4376-A066-2A32D752A2FF}</UniqueIdentifier>
      <Extensions>cpp;c;cc;cxx;def;odl;idl;hpj;bat;asm;asmx</Extensions>
    </Filter>
    <Filter Include="Header Files">
      <UniqueIdentifier>{93995380-89BD-4b04-88EB-625FBE52EBFB}</UniqueIdentifier>
      <Extensions>h;hh;hpp;hxx;hm;inl;inc;xsd</Extensions>
    </Filter>
    <Filter Include="Resource Files">
      <UniqueIdentifier>{67DA6AB6-F800-4c08-8B7A-83BB121AAD01}</UniqueIdentifier>
      <Extensions>rc;ico;cur;bmp;dlg;rc2;rct;bin;rgs;gif;jpg;jpeg;jpe;resx;tiff;tif;png;wav;mfcribbon-ms</Extensions>
    </Filter>
    <Filter Include="imgui">
      <UniqueIdentifier>{8899acbe-0f38-4277-ad0f-df776b392443}</UniqueIdentifier>
    </Filter>
    <Filter Include="Commands">
      <UniqueIdentifier>{b325c92f-3fb4-427c-bea7-710c9ac9cf5f}</UniqueIdentifier>
    </Filter>
    <Filter Include="GameEvents">
      <UniqueIdentifier>{163f3d03-1f72-42ef-9b25-a0993514d0dc}</UniqueIdentifier>
    </Filter>
    <Filter Include="Input">
      <UniqueIdentifier>{16144297-e511-4a48-8738-9f7a8960b330}</UniqueIdentifier>
    </Filter>
    <Filter Include="GameObject">
      <UniqueIdentifier>{f45724b7-d0c5-4d20-9985-d86b7c1ef04d}</UniqueIdentifier>
    </Filter>
    <Filter Include="GameObject\Components">
      <UniqueIdentifier>{186527d0-f848-4a66-85b9-ceaf486fef7b}</UniqueIdentifier>
    </Filter>
    <Filter Include="GameObject\Components\AssigmentComponents">
      <UniqueIdentifier>{65b4e3fe-f858-4e21-a949-56a6fe50916e}</UniqueIdentifier>
    </Filter>
    <Filter Include="Sound">
      <UniqueIdentifier>{ffbd48f1-eccb-4075-b37f-ab76f315d3af}</UniqueIdentifier>
    </Filter>
  </ItemGroup>
  <ItemGroup>
    <ClInclude Include="Singleton.h">
      <Filter>Header Files</Filter>
    </ClInclude>
    <ClInclude Include="ResourceManager.h">
      <Filter>Header Files</Filter>
    </ClInclude>
    <ClInclude Include="Renderer.h">
      <Filter>Header Files</Filter>
    </ClInclude>
    <ClInclude Include="Texture2D.h">
      <Filter>Header Files</Filter>
    </ClInclude>
    <ClInclude Include="Scene.h">
      <Filter>Header Files</Filter>
    </ClInclude>
    <ClInclude Include="SceneManager.h">
      <Filter>Header Files</Filter>
    </ClInclude>
    <ClInclude Include="Font.h">
      <Filter>Header Files</Filter>
    </ClInclude>
    <ClInclude Include="BewGin.h">
      <Filter>Header Files</Filter>
    </ClInclude>
    <ClInclude Include="Component.h">
      <Filter>GameObject\Components</Filter>
    </ClInclude>
    <ClInclude Include="TextComponent.h">
      <Filter>GameObject\Components</Filter>
    </ClInclude>
    <ClInclude Include="TextureComponent.h">
      <Filter>GameObject\Components</Filter>
    </ClInclude>
    <ClInclude Include="..\3rdParty\imgui-1.90.4\imconfig.h">
      <Filter>imgui</Filter>
    </ClInclude>
    <ClInclude Include="..\3rdParty\imgui-1.90.4\imgui.h">
      <Filter>imgui</Filter>
    </ClInclude>
    <ClInclude Include="..\3rdParty\imgui-1.90.4\imgui_internal.h">
      <Filter>imgui</Filter>
    </ClInclude>
    <ClInclude Include="..\3rdParty\imgui-1.90.4\imstb_rectpack.h">
      <Filter>imgui</Filter>
    </ClInclude>
    <ClInclude Include="..\3rdParty\imgui-1.90.4\imstb_textedit.h">
      <Filter>imgui</Filter>
    </ClInclude>
    <ClInclude Include="..\3rdParty\imgui-1.90.4\imstb_truetype.h">
      <Filter>imgui</Filter>
    </ClInclude>
    <ClInclude Include="..\3rdParty\imgui-1.90.4\backends\imgui_impl_opengl3.h">
      <Filter>imgui</Filter>
    </ClInclude>
    <ClInclude Include="..\3rdParty\imgui-1.90.4\backends\imgui_impl_sdl2.h">
      <Filter>imgui</Filter>
    </ClInclude>
    <ClInclude Include="Command.h">
      <Filter>Commands</Filter>
    </ClInclude>
    <ClInclude Include="ImGuiTrashTheCacheComponent.h">
      <Filter>GameObject\Components\AssigmentComponents</Filter>
    </ClInclude>
    <ClInclude Include="RotatorComponent.h">
      <Filter>GameObject\Components\AssigmentComponents</Filter>
    </ClInclude>
    <ClInclude Include="FpsComponent.h">
      <Filter>GameObject\Components\AssigmentComponents</Filter>
    </ClInclude>
    <ClInclude Include="GameTime.h">
      <Filter>Header Files</Filter>
    </ClInclude>
    <ClInclude Include="Subject.h">
      <Filter>GameEvents</Filter>
    </ClInclude>
    <ClInclude Include="Observer.h">
      <Filter>GameEvents</Filter>
    </ClInclude>
    <ClInclude Include="SubjectComponent.h">
      <Filter>GameObject\Components</Filter>
    </ClInclude>
    <ClInclude Include="InputManager.h">
      <Filter>Input</Filter>
    </ClInclude>
    <ClInclude Include="GameObject.h">
      <Filter>GameObject</Filter>
    </ClInclude>
    <ClInclude Include="Transform.h">
      <Filter>GameObject</Filter>
    </ClInclude>
    <ClInclude Include="SoundServiceLocator.h">
      <Filter>Sound</Filter>
    </ClInclude>
    <ClInclude Include="SoundSystem.h">
      <Filter>Sound</Filter>
    </ClInclude>
    <ClInclude Include="SDLSoundSystem.h">
      <Filter>Sound</Filter>
    </ClInclude>
    <ClInclude Include="LoggingSDLSoundSystem.h">
      <Filter>Sound</Filter>
    </ClInclude>
  </ItemGroup>
  <ItemGroup>
    <ClCompile Include="ResourceManager.cpp">
      <Filter>Source Files</Filter>
    </ClCompile>
    <ClCompile Include="Renderer.cpp">
      <Filter>Source Files</Filter>
    </ClCompile>
    <ClCompile Include="Scene.cpp">
      <Filter>Source Files</Filter>
    </ClCompile>
    <ClCompile Include="SceneManager.cpp">
      <Filter>Source Files</Filter>
    </ClCompile>
    <ClCompile Include="Font.cpp">
      <Filter>Source Files</Filter>
    </ClCompile>
    <ClCompile Include="BewGin.cpp">
      <Filter>Source Files</Filter>
    </ClCompile>
    <ClCompile Include="TextComponent.cpp">
      <Filter>GameObject\Components</Filter>
    </ClCompile>
    <ClCompile Include="TextureComponent.cpp">
      <Filter>GameObject\Components</Filter>
    </ClCompile>
    <ClCompile Include="..\3rdParty\imgui-1.90.4\imgui.cpp">
      <Filter>imgui</Filter>
    </ClCompile>
    <ClCompile Include="..\3rdParty\imgui-1.90.4\imgui_demo.cpp">
      <Filter>imgui</Filter>
    </ClCompile>
    <ClCompile Include="..\3rdParty\imgui-1.90.4\imgui_draw.cpp">
      <Filter>imgui</Filter>
    </ClCompile>
    <ClCompile Include="..\3rdParty\imgui-1.90.4\imgui_tables.cpp">
      <Filter>imgui</Filter>
    </ClCompile>
    <ClCompile Include="..\3rdParty\imgui-1.90.4\imgui_widgets.cpp">
      <Filter>imgui</Filter>
    </ClCompile>
    <ClCompile Include="..\3rdParty\imgui-1.90.4\backends\imgui_impl_opengl3.cpp">
      <Filter>imgui</Filter>
    </ClCompile>
    <ClCompile Include="..\3rdParty\imgui-1.90.4\backends\imgui_impl_sdl2.cpp">
      <Filter>imgui</Filter>
    </ClCompile>
    <ClCompile Include="ImGuiTrashTheCacheComponent.cpp">
      <Filter>GameObject\Components\AssigmentComponents</Filter>
    </ClCompile>
    <ClCompile Include="RotatorComponent.cpp">
      <Filter>GameObject\Components\AssigmentComponents</Filter>
    </ClCompile>
    <ClCompile Include="FpsComponent.cpp">
      <Filter>GameObject\Components\AssigmentComponents</Filter>
    </ClCompile>
    <ClCompile Include="GameTime.cpp">
      <Filter>Source Files</Filter>
    </ClCompile>
    <ClCompile Include="Component.cpp">
      <Filter>GameObject\Components</Filter>
    </ClCompile>
    <ClCompile Include="Texture2D.cpp">
      <Filter>Source Files</Filter>
    </ClCompile>
    <ClCompile Include="Subject.cpp">
      <Filter>GameEvents</Filter>
    </ClCompile>
    <ClCompile Include="InputManager.cpp">
      <Filter>Input</Filter>
    </ClCompile>
    <ClCompile Include="Controller.cpp">
      <Filter>Input</Filter>
    </ClCompile>
    <ClCompile Include="GameObject.cpp">
      <Filter>GameObject</Filter>
    </ClCompile>
    <ClCompile Include="Transform.cpp">
      <Filter>GameObject</Filter>
    </ClCompile>
    <ClCompile Include="InputKeyEnum.cpp">
      <Filter>Input</Filter>
    </ClCompile>
    <ClCompile Include="LoggingSDLSoundSystem.cpp">
      <Filter>Sound</Filter>
    </ClCompile>
    <ClCompile Include="SDLSoundSystem.cpp">
      <Filter>Sound</Filter>
    </ClCompile>
    <ClCompile Include="SoundServiceLocator.cpp">
      <Filter>Sound</Filter>
    </ClCompile>
    <ClCompile Include="SoundSystem.cpp">
      <Filter>Sound</Filter>
    </ClCompile>
  </ItemGroup>
</Project>